
Microsoft Visual Studio Solution File, Format Version 12.00
# Visual Studio 15
VisualStudioVersion = 15.0.27130.2036
MinimumVisualStudioVersion = 10.0.40219.1
Project("{FAE04EC0-301F-11D3-BF4B-00C04F79EFBC}") = "Kpo4310_mvv.Lib", "Kpo4310_mvv.Lib\Kpo4310_mvv.Lib.csproj", "{9A530365-C892-4EE3-83D7-15994D50C925}"
EndProject
Global
	GlobalSection(SolutionConfigurationPlatforms) = preSolution
		Debug|Any CPU = Debug|Any CPU
		Release|Any CPU = Release|Any CPU
	EndGlobalSection
	GlobalSection(ProjectConfigurationPlatforms) = postSolution
		{9A530365-C892-4EE3-83D7-15994D50C925}.Debug|Any CPU.ActiveCfg = Debug|Any CPU
		{9A530365-C892-4EE3-83D7-15994D50C925}.Debug|Any CPU.Build.0 = Debug|Any CPU
		{9A530365-C892-4EE3-83D7-15994D50C925}.Release|Any CPU.ActiveCfg = Release|Any CPU
		{9A530365-C892-4EE3-83D7-15994D50C925}.Release|Any CPU.Build.0 = Release|Any CPU
	EndGlobalSection
	GlobalSection(SolutionProperties) = preSolution
		HideSolutionNode = FALSE
	EndGlobalSection
	GlobalSection(ExtensibilityGlobals) = postSolution
		SolutionGuid = {C330B199-120B-478B-B83F-CAAEF889270C}
	EndGlobalSection
EndGlobal
